
Microsoft Visual Studio Solution File, Format Version 12.00
Project("{FAE04EC0-301F-11D3-BF4B-00C04F79EFBC}") = "Library.eCommerce", "Library.eCommerce\Library.eCommerce.csproj", "{ABA99B24-CA38-44FD-9E2F-15FD485CA00D}"
EndProject
Project("{FAE04EC0-301F-11D3-BF4B-00C04F79EFBC}") = "Maui.eCommerce", "Maui.eCommerce\Maui.eCommerce.csproj", "{B9F379E5-1F4A-41B2-9471-7F2843030705}"
EndProject
Global
	GlobalSection(SolutionConfigurationPlatforms) = preSolution
		Debug|Any CPU = Debug|Any CPU
		Release|Any CPU = Release|Any CPU
	EndGlobalSection
	GlobalSection(ProjectConfigurationPlatforms) = postSolution
		{ABA99B24-CA38-44FD-9E2F-15FD485CA00D}.Debug|Any CPU.ActiveCfg = Debug|Any CPU
		{ABA99B24-CA38-44FD-9E2F-15FD485CA00D}.Debug|Any CPU.Build.0 = Debug|Any CPU
		{ABA99B24-CA38-44FD-9E2F-15FD485CA00D}.Release|Any CPU.ActiveCfg = Release|Any CPU
		{ABA99B24-CA38-44FD-9E2F-15FD485CA00D}.Release|Any CPU.Build.0 = Release|Any CPU
		{B9F379E5-1F4A-41B2-9471-7F2843030705}.Debug|Any CPU.ActiveCfg = Debug|Any CPU
		{B9F379E5-1F4A-41B2-9471-7F2843030705}.Debug|Any CPU.Build.0 = Debug|Any CPU
		{B9F379E5-1F4A-41B2-9471-7F2843030705}.Release|Any CPU.ActiveCfg = Release|Any CPU
		{B9F379E5-1F4A-41B2-9471-7F2843030705}.Release|Any CPU.Build.0 = Release|Any CPU
	EndGlobalSection
EndGlobal
